github.com/gofabrik/fabrik/assetmapper v0.1.0 h1:L3D6a6nRcT38ZYbvBqKx4Ttlaj+tpQBcZO9l1mma9VA=
github.com/gofabrik/fabrik/assetmapper v0.1.0/go.mod h1:UdOGzo6/nxqacZer2TSMOuI1T70om0n2Nh+ENIYc5QE=
github.com/gofabrik/fabrik/assetmapper/directive v0.1.0 h1:7Y72A4m+o4E9Gw+NLlB3WSr6BSUM/gd9z/RAWeESgWc=
github.com/gofabrik/fabrik/assetmapper/directive v0.1.0/go.mod h1:HWUdIly9kevlDvbxH6KiMWcpQR8/Jm7gpL4b/GXuT8g=
github.com/gofabrik/fabrik/config/directive v0.1.0 h1:gwp7Ww/gXMVOZ48h/DC0n/xqNDB7TJ4udjpkizD/fR8=
github.com/gofabrik/fabrik/config/directive v0.1.0/go.mod h1:IJjTOEio1K740o+q4YrDglnyyfZxDgluXDcbklRPN/o=
github.com/gofabrik/fabrik/diag v0.1.0 h1:Tdl3Ot4R3ZBbLkADG8AIjvGt9VCZfLA8i/7jdFbsrrM=
github.com/gofabrik/fabrik/diag v0.1.0/go.mod h1:Z1kHb+2Fajje45BSL7D1GVbLPzkIrQqfSuwS0QD6b4g=
github.com/gofabrik/fabrik/gen v0.1.0 h1:6doI7zFatld3xkQ+W4Bc++3KsiBK8XZvAccGYc8KrUI=
github.com/gofabrik/fabrik/gen v0.1.0/go.mod h1:Cg3vW4mrAUeWOjt8H3Iy3tfTqmySCtsxfejvLnNmvJ0=
github.com/gofabrik/fabrik/jobs/directive v0.1.0 h1:hDnbzwi3+VXJVIxTEE+GWAxOY4+p+ii9YWSOdrvyj68=
github.com/gofabrik/fabrik/jobs/directive v0.1.0/go.mod h1:btww4Uw9IX58iErGIyx56ahDRwwFV9VvNqu4+92QQwU=
github.com/gofabrik/fabrik/migrations v0.1.0 h1:Cp/JdDGb9PEAKzyXXLSgVT6abUNXnf1TeySuMfCfhTY=
github.com/gofabrik/fabrik/migrations v0.1.0/go.mod h1:8LMkLZqPXfzixDbcByyOxzE2x+bpPMPjBMgJxELF6mc=
github.com/gofabrik/fabrik/migrations/directive v0.1.0 h1:db1xSfOGXMcZR7CPJDyn2Kap7b2g9JiC+39iaIyOfpo=
github.com/gofabrik/fabrik/migrations/directive v0.1.0/go.mod h1:Uroa6mdklYkgqOaGwKK92hwjNs30y1lLk4sp2ZBDtk4=
github.com/gofabrik/fabrik/router/directive v0.1.0 h1:35ERHVvB2Y25mKosolHYMe8XTfs8FyA6WKkQIrqPXAM=
github.com/gofabrik/fabrik/router/directive v0.1.0/go.mod h1:xL6apGe4Ph+5NXcJdCu042B2uhh+bCMp4suyNy7HP/M=
github.com/gofabrik/fabrik/templates v0.1.0 h1:hAm87jxT4hr+Vv0q6LzY4ZGa6CgicBszIMKFHnycAT0=
github.com/gofabrik/fabrik/templates v0.1.0/go.mod h1:BHLgPbHmZs1QEr2k2HSA6J3blPpN8LyZt0qg6IAzRKo=
github.com/gofabrik/fabrik/templates/directive v0.1.0 h1:MkyyEt5YHfSCLA7D7/8ARLOZ55VV9Gopu40VnfC+7kk=
github.com/gofabrik/fabrik/templates/directive v0.1.0/go.mod h1:15xzxEhk18SPS4gT06p5zpxyAsOjJFQE/LM3oOSZCRU=
github.com/gofabrik/fabrik/web/directive v0.1.0 h1:8N3cTDw+ZtBlaylNI/YffApgNugaH2OnynrMC/eZYIA=
github.com/gofabrik/fabrik/web/directive v0.1.0/go.mod h1:IX7KOYcmWwbX6mSA6elsiCsdiD2xJujbY8XTfJ4fxp4=
github.com/google/go-cmp v0.6.0 h1:ofyhxvXcZhMsU5ulbFiLKl/XBFqE1GSq7atu8tAmTRI=
github.com/google/go-cmp v0.6.0/go.mod h1:17dUlkBOakJ0+DkrSSNjCkIjxS6bF9zb3elmeNGIjoY=
github.com/robfig/cron/v3 v3.0.1 h1:WdRxkvbJztn8LMz/QEvLN5sBU+xKpSqwwUO1Pjr4qDs=
github.com/robfig/cron/v3 v3.0.1/go.mod h1:eQICP3HwyT7UooqI/z+Ov+PtYAWygg1TEWWzGIFLtro=
golang.org/x/mod v0.37.0 h1:vF1DjpVEshcIqoEaauuHebaLk1O1forxjxBaVn884JQ=
golang.org/x/mod v0.37.0/go.mod h1:m8S8VeM9r4dzDwjrKO0a1sZP3YjeMamRRlD+fmR2Q/0=
golang.org/x/sync v0.21.0 h1:HLII4xRRTtCRkxYp4HNFF0Js/Og6q2i++KXbg0gHCwM=
golang.org/x/sync v0.21.0/go.mod h1:9xrNwdLfx4jkKbNva9FpL6vEN7evnE43NNNJQ2LF3+0=
golang.org/x/tools v0.47.0 h1:7Kn5x/d1svx/PzryTsqeoZN4TZwqeH5pGWjefhLi/1Q=
golang.org/x/tools v0.47.0/go.mod h1:dFHnyTvFWY212G+h7ZY4Vsp/K3U4/7W9TyVaAul8uCA=
