github.com/gofabrik/fabrik/assets v0.1.0 h1:OuYB4NQ2hzVefSMAKUE90sxlUatqZWEzpKcjOaWz+G4=
github.com/gofabrik/fabrik/assets v0.1.0/go.mod h1:iu+SiNawSqyP17xeB+zkoXAq3nDj8gO+MVZViGrW3YI=
github.com/gofabrik/fabrik/assets/directive v0.1.0 h1:0HGY+ADfeJG/Q/fI9+azyNtCTVffr7x5DUqCqnH0CXM=
github.com/gofabrik/fabrik/assets/directive v0.1.0/go.mod h1:CkuWHlLtDkHN0Mh8Ej+T5KBuJS8CimRULVu5orMlfpc=
github.com/gofabrik/fabrik/cli v0.1.0 h1:epn8iNlGKel+txidnOjs2ZS5pw2YFthM9msvJRq2qcI=
github.com/gofabrik/fabrik/cli v0.1.0/go.mod h1:JPZ31MQ7tT51+wkB9zajDo4lNYWLcyS/Oma/KpvKE48=
github.com/gofabrik/fabrik/cli/directive v0.1.0 h1:u00aa0mPYpJDGPmmISP3DLrAqkSjvT1hNaoAeReMMWA=
github.com/gofabrik/fabrik/cli/directive v0.1.0/go.mod h1:MfTIz5wGJMPnVC5jAvdz1DOIuO9zvukQXz7VuthhnAw=
github.com/gofabrik/fabrik/config/directive v0.1.0 h1:rCdnhNnHQDEVnUChlrsf3qx3/BkYWnCf5nxsfrIRaKw=
github.com/gofabrik/fabrik/config/directive v0.1.0/go.mod h1:hd4EFbYbZ2EEui5dhginrFxv6m79C5bWxHRtpX76Odw=
github.com/gofabrik/fabrik/diag v0.1.0 h1:nj3htL2rJ88YS2dz42191LA3xUyoSaJJM2/I1GxK5OU=
github.com/gofabrik/fabrik/diag v0.1.0/go.mod h1:G/tigowqInUt6gVzNZBqGjpCP73+Kr1NVHIkeXN8jTs=
github.com/gofabrik/fabrik/gen v0.1.0 h1:mjrQ1f5dAq4S8sRQYBdjQIDgJ11w2G/Nw8PGY0wDSRo=
github.com/gofabrik/fabrik/gen v0.1.0/go.mod h1:Ob1+ZHQ8AmkE6Wq7jIFMg7JGUyVD+lmlm7X0t9FaLqQ=
github.com/gofabrik/fabrik/jobs/directive v0.1.0 h1:G4kxWVGDh0aIMlBuuF+OsK3jvS5GHgpwEwW+KfgrYWY=
github.com/gofabrik/fabrik/jobs/directive v0.1.0/go.mod h1:aX/z5nKimWKBuSCBHzrgLJGxUJ9NJEYmClyaBGM0GW0=
github.com/gofabrik/fabrik/migrations v0.1.0 h1:sKd/X6vMkfUoN9IAbbTqLHmeDBtLch82u1RoIPJFJkI=
github.com/gofabrik/fabrik/migrations v0.1.0/go.mod h1:yLYg9CAHhRWALDuX7E00Xib792AfkByyiMXRMm2nl8M=
github.com/gofabrik/fabrik/migrations/directive v0.1.0 h1:xFaArz918LTnKff2GwskbzF+Wst4AEaywfB8DXY/+uM=
github.com/gofabrik/fabrik/migrations/directive v0.1.0/go.mod h1:Uo9JOgwlapSzIT1RfpjtnZIYDFjNmQ8uaMGF5+GQi3c=
github.com/gofabrik/fabrik/router v0.1.0 h1:kTYcGeAO1QJoJq9x8CRGhXa0xSMhV3aukiTJakcjBaE=
github.com/gofabrik/fabrik/router v0.1.0/go.mod h1:mabJZCaXmASbc+hlxZHyIMof6B6rCDYxUwQXnOhsjeI=
github.com/gofabrik/fabrik/router/directive v0.1.0 h1:CwiyyxevmTGSGeKMSbpjIYTLrKWZSu0IxG6DiftSWiA=
github.com/gofabrik/fabrik/router/directive v0.1.0/go.mod h1:yCRaNsckPmW3EXGLyEXGx9Px5D70flnuDDkzPgoyPng=
github.com/gofabrik/fabrik/web v0.1.0 h1:WpEi5N4+1pgfLMQDbhgDXiQf1gGOa4VrWVc9J4p5WYg=
github.com/gofabrik/fabrik/web v0.1.0/go.mod h1:ADuySgpIgCNg1rec2guKv5fg+UrO7cYXmUsSfTXnz48=
github.com/gofabrik/fabrik/web/directive v0.1.0 h1:UzIg1UiehGBSW05s52qAoYSC4TFCnSdhnaZLauT4x3g=
github.com/gofabrik/fabrik/web/directive v0.1.0/go.mod h1:Rc5+a27xrdPS+eUkT2FBSfGMyh02IoUsQXCcEaRiGtM=
github.com/gofabrik/t v0.27.0 h1:e9lM8WGcJXASx31MFMvyJa5GLAFlNgJbDBqFbP+5NvU=
github.com/gofabrik/t v0.27.0/go.mod h1:96KiHCdvgO9EpcY1BylAnjoJa6leh4whb2SWcqpoF9o=
github.com/google/go-cmp v0.6.0 h1:ofyhxvXcZhMsU5ulbFiLKl/XBFqE1GSq7atu8tAmTRI=
github.com/google/go-cmp v0.6.0/go.mod h1:17dUlkBOakJ0+DkrSSNjCkIjxS6bF9zb3elmeNGIjoY=
github.com/robfig/cron/v3 v3.0.1 h1:WdRxkvbJztn8LMz/QEvLN5sBU+xKpSqwwUO1Pjr4qDs=
github.com/robfig/cron/v3 v3.0.1/go.mod h1:eQICP3HwyT7UooqI/z+Ov+PtYAWygg1TEWWzGIFLtro=
golang.org/x/mod v0.40.0 h1:hUv+3cXcdRHz08UmSiOob7sadHig73uo5bkXxQ/tvUs=
golang.org/x/mod v0.40.0/go.mod h1:0/weTWkPWGBikyTWAX3dkjVztMmBA5hM0DH6BElSupE=
golang.org/x/sync v0.22.0 h1:SZjpbeLmrCk4xhRSZFNZW5gFUeCeFgjekvI/+gfScek=
golang.org/x/sync v0.22.0/go.mod h1:9xrNwdLfx4jkKbNva9FpL6vEN7evnE43NNNJQ2LF3+0=
golang.org/x/sys v0.47.0 h1:o7XGOvZQCADBQQ4Y7VNq2dRWQR7JmOUW8Kxx4ZsNgWs=
golang.org/x/sys v0.47.0/go.mod h1:4GL1E5IUh+htKOUEOaiffhrAeqysfVGipDYzABqnCmw=
golang.org/x/term v0.45.0 h1:NwWyBmoJCbfTHpxrWoZ9C6/VxOf7ic219I8xZZFdrf0=
golang.org/x/term v0.45.0/go.mod h1:9aqxs0blBcrm/n0L9QW0aRVD+ktan8ssZromtqJC43w=
golang.org/x/tools v0.49.0 h1:3NI7VXzL9+1WZD52Dx2ttoPwD5DWrFGpl9mFZDlmisI=
golang.org/x/tools v0.49.0/go.mod h1:SJNXV9DBKT0UbdttsQjbfJlAE/q+y36++zo3uL3N0Oo=
gopkg.in/check.v1 v0.0.0-20161208181325-20d25e280405 h1:yhCVgyC4o1eVCa2tZl7eS0r+SDo693bJlVdllGtEeKM=
gopkg.in/check.v1 v0.0.0-20161208181325-20d25e280405/go.mod h1:Co6ibVJAznAaIkqp8huTwlJQCZ016jof/cbN4VW5Yz0=
gopkg.in/yaml.v3 v3.0.1 h1:fxVm/GzAzEWqLHuvctI91KS9hhNmmWOoWu0XTYJS7CA=
gopkg.in/yaml.v3 v3.0.1/go.mod h1:K4uyk7z7BCEPqu6E+C64Yfv1cQ7kz7rIZviUmN+EgEM=
