github.com/go-chi/chi/v5 v5.3.0 h1:halUjDxhshgXHMrao5bB8eNBXo/rnzwr8m5m36glehM=
github.com/go-chi/chi/v5 v5.3.0/go.mod h1:R+tYY2hNuVUUjxoPtqUdgBqevM9s9njzkTLutVsOCto=
github.com/gofabrik/fabrik/router v0.1.0 h1:kTYcGeAO1QJoJq9x8CRGhXa0xSMhV3aukiTJakcjBaE=
github.com/gofabrik/fabrik/router v0.1.0/go.mod h1:mabJZCaXmASbc+hlxZHyIMof6B6rCDYxUwQXnOhsjeI=
