github.com/gofabrik/fabrik/diag v0.1.0 h1:Tdl3Ot4R3ZBbLkADG8AIjvGt9VCZfLA8i/7jdFbsrrM=
github.com/gofabrik/fabrik/diag v0.1.0/go.mod h1:Z1kHb+2Fajje45BSL7D1GVbLPzkIrQqfSuwS0QD6b4g=
github.com/gofabrik/fabrik/gen v0.1.0 h1:6doI7zFatld3xkQ+W4Bc++3KsiBK8XZvAccGYc8KrUI=
github.com/gofabrik/fabrik/gen v0.1.0/go.mod h1:Cg3vW4mrAUeWOjt8H3Iy3tfTqmySCtsxfejvLnNmvJ0=
github.com/gofabrik/fabrik/router/directive v0.1.0 h1:35ERHVvB2Y25mKosolHYMe8XTfs8FyA6WKkQIrqPXAM=
github.com/gofabrik/fabrik/router/directive v0.1.0/go.mod h1:xL6apGe4Ph+5NXcJdCu042B2uhh+bCMp4suyNy7HP/M=
golang.org/x/mod v0.37.0 h1:vF1DjpVEshcIqoEaauuHebaLk1O1forxjxBaVn884JQ=
golang.org/x/mod v0.37.0/go.mod h1:m8S8VeM9r4dzDwjrKO0a1sZP3YjeMamRRlD+fmR2Q/0=
golang.org/x/sync v0.21.0 h1:HLII4xRRTtCRkxYp4HNFF0Js/Og6q2i++KXbg0gHCwM=
golang.org/x/sync v0.21.0/go.mod h1:9xrNwdLfx4jkKbNva9FpL6vEN7evnE43NNNJQ2LF3+0=
golang.org/x/tools v0.47.0 h1:7Kn5x/d1svx/PzryTsqeoZN4TZwqeH5pGWjefhLi/1Q=
golang.org/x/tools v0.47.0/go.mod h1:dFHnyTvFWY212G+h7ZY4Vsp/K3U4/7W9TyVaAul8uCA=
