github.com/gofabrik/fabrik/diag v0.1.0 h1:Tdl3Ot4R3ZBbLkADG8AIjvGt9VCZfLA8i/7jdFbsrrM=
github.com/gofabrik/fabrik/diag v0.1.0/go.mod h1:Z1kHb+2Fajje45BSL7D1GVbLPzkIrQqfSuwS0QD6b4g=
github.com/gofabrik/fabrik/gen v0.1.0 h1:6doI7zFatld3xkQ+W4Bc++3KsiBK8XZvAccGYc8KrUI=
github.com/gofabrik/fabrik/gen v0.1.0/go.mod h1:Cg3vW4mrAUeWOjt8H3Iy3tfTqmySCtsxfejvLnNmvJ0=
github.com/gofabrik/fabrik/router v0.1.0 h1:+8yt9WDkXLu7V4P6Vl82RKHwwGSyq4pMck9x39OJ6qc=
github.com/gofabrik/fabrik/router v0.1.0/go.mod h1:PruZ10yCn+5qcXQMIKhMeCq6m01lw6mo67u+Gpyo0mo=
github.com/gofabrik/fabrik/router/directive v0.1.0 h1:35ERHVvB2Y25mKosolHYMe8XTfs8FyA6WKkQIrqPXAM=
github.com/gofabrik/fabrik/router/directive v0.1.0/go.mod h1:xL6apGe4Ph+5NXcJdCu042B2uhh+bCMp4suyNy7HP/M=
github.com/gofabrik/fabrik/web v0.1.0 h1:eSkjG2waN+b9WLL4W9zSPlkxyuiPkxaaUSZmrWLd0F8=
github.com/gofabrik/fabrik/web v0.1.0/go.mod h1:s+ywiu8IFFi1a1zgw5D/jyGeXsBRlMDcILhoUadQjwU=
github.com/google/go-cmp v0.6.0 h1:ofyhxvXcZhMsU5ulbFiLKl/XBFqE1GSq7atu8tAmTRI=
github.com/google/go-cmp v0.6.0/go.mod h1:17dUlkBOakJ0+DkrSSNjCkIjxS6bF9zb3elmeNGIjoY=
golang.org/x/mod v0.39.0 h1:UF5zwQdCRRUpHfyPwr7d4UrGiVeldIsogtzWVnczL74=
golang.org/x/mod v0.39.0/go.mod h1:bvIbwjQ0HUFFf5AKukeeYQG4ZBUG9yxQbR9aEweIwYY=
golang.org/x/sync v0.22.0 h1:SZjpbeLmrCk4xhRSZFNZW5gFUeCeFgjekvI/+gfScek=
golang.org/x/sync v0.22.0/go.mod h1:9xrNwdLfx4jkKbNva9FpL6vEN7evnE43NNNJQ2LF3+0=
golang.org/x/tools v0.49.0 h1:3NI7VXzL9+1WZD52Dx2ttoPwD5DWrFGpl9mFZDlmisI=
golang.org/x/tools v0.49.0/go.mod h1:SJNXV9DBKT0UbdttsQjbfJlAE/q+y36++zo3uL3N0Oo=
